
Microsoft Visual Studio Solution File, Format Version 12.00
# Visual Studio Version 17
VisualStudioVersion = 17.5.33414.496
MinimumVisualStudioVersion = 10.0.40219.1
Project("{FAE04EC0-301F-11D3-BF4B-00C04F79EFBC}") = "Week2", "Week2\Week2.csproj", "{54B80AE1-0FEE-4A92-BDAC-ACAB1482DA89}"
EndProject
Project("{FAE04EC0-301F-11D3-BF4B-00C04F79EFBC}") = "UserGenderValidation", "UserAgeValidation\UserGenderValidation.csproj", "{2E448726-7295-41DB-9379-6EBF2AF7D55B}"
EndProject
Project("{FAE04EC0-301F-11D3-BF4B-00C04F79EFBC}") = "UserAgeVerification", "UserAgeVerification\UserAgeVerification.csproj", "{DBF2B1F1-B92A-4EFC-9199-EA021BA4D46F}"
EndProject
Global
	GlobalSection(SolutionConfigurationPlatforms) = preSolution
		Debug|Any CPU = Debug|Any CPU
		Release|Any CPU = Release|Any CPU
	EndGlobalSection
	GlobalSection(ProjectConfigurationPlatforms) = postSolution
		{54B80AE1-0FEE-4A92-BDAC-ACAB1482DA89}.Debug|Any CPU.ActiveCfg = Debug|Any CPU
		{54B80AE1-0FEE-4A92-BDAC-ACAB1482DA89}.Debug|Any CPU.Build.0 = Debug|Any CPU
		{54B80AE1-0FEE-4A92-BDAC-ACAB1482DA89}.Release|Any CPU.ActiveCfg = Release|Any CPU
		{54B80AE1-0FEE-4A92-BDAC-ACAB1482DA89}.Release|Any CPU.Build.0 = Release|Any CPU
		{2E448726-7295-41DB-9379-6EBF2AF7D55B}.Debug|Any CPU.ActiveCfg = Debug|Any CPU
		{2E448726-7295-41DB-9379-6EBF2AF7D55B}.Debug|Any CPU.Build.0 = Debug|Any CPU
		{2E448726-7295-41DB-9379-6EBF2AF7D55B}.Release|Any CPU.ActiveCfg = Release|Any CPU
		{2E448726-7295-41DB-9379-6EBF2AF7D55B}.Release|Any CPU.Build.0 = Release|Any CPU
		{DBF2B1F1-B92A-4EFC-9199-EA021BA4D46F}.Debug|Any CPU.ActiveCfg = Debug|Any CPU
		{DBF2B1F1-B92A-4EFC-9199-EA021BA4D46F}.Debug|Any CPU.Build.0 = Debug|Any CPU
		{DBF2B1F1-B92A-4EFC-9199-EA021BA4D46F}.Release|Any CPU.ActiveCfg = Release|Any CPU
		{DBF2B1F1-B92A-4EFC-9199-EA021BA4D46F}.Release|Any CPU.Build.0 = Release|Any CPU
	EndGlobalSection
	GlobalSection(SolutionProperties) = preSolution
		HideSolutionNode = FALSE
	EndGlobalSection
	GlobalSection(ExtensibilityGlobals) = postSolution
		SolutionGuid = {C1BD6B40-B673-4056-8989-D4695DD902E3}
	EndGlobalSection
EndGlobal
